// !$*UTF8*$!
{
	archiveVersion = 1;
	classes = {
	};
	objectVersion = 55;
	objects = {

/* Begin PBXBuildFile section */
		871E4280279A6D7A007AC0DE /* Tests_iOS.swift in Sources */ = {isa = PBXBuildFile; fileRef = 871E427F279A6D7A007AC0DE /* Tests_iOS.swift */; };
		871E4282279A6D7A007AC0DE /* Tests_iOSLaunchTests.swift in Sources */ = {isa = PBXBuildFile; fileRef = 871E4281279A6D7A007AC0DE /* Tests_iOSLaunchTests.swift */; };
		871E428C279A6D7A007AC0DE /* Tests_macOS.swift in Sources */ = {isa = PBXBuildFile; fileRef = 871E428B279A6D7A007AC0DE /* Tests_macOS.swift */; };
		871E428E279A6D7A007AC0DE /* Tests_macOSLaunchTests.swift in Sources */ = {isa = PBXBuildFile; fileRef = 871E428D279A6D7A007AC0DE /* Tests_macOSLaunchTests.swift */; };
		871E428F279A6D7A007AC0DE /* IntervalTimerApp.swift in Sources */ = {isa = PBXBuildFile; fileRef = 871E4267279A6D79007AC0DE /* IntervalTimerApp.swift */; };
		871E4290279A6D7A007AC0DE /* IntervalTimerApp.swift in Sources */ = {isa = PBXBuildFile; fileRef = 871E4267279A6D79007AC0DE /* IntervalTimerApp.swift */; };
		871E4291279A6D7A007AC0DE /* ContentView.swift in Sources */ = {isa = PBXBuildFile; fileRef = 871E4268279A6D79007AC0DE /* ContentView.swift */; };
		871E4292279A6D7A007AC0DE /* ContentView.swift in Sources */ = {isa = PBXBuildFile; fileRef = 871E4268279A6D79007AC0DE /* ContentView.swift */; };
		871E42AB279A6F03007AC0DE /* Assets.xcassets in Resources */ = {isa = PBXBuildFile; fileRef = 871E42AA279A6F03007AC0DE /* Assets.xcassets */; };
		871E42AC279A6F03007AC0DE /* Assets.xcassets in Resources */ = {isa = PBXBuildFile; fileRef = 871E42AA279A6F03007AC0DE /* Assets.xcassets */; };
		871E42AE279A6FFF007AC0DE /* Theme.swift in Sources */ = {isa = PBXBuildFile; fileRef = 871E42AD279A6FFE007AC0DE /* Theme.swift */; };
		871E42AF279A6FFF007AC0DE /* Theme.swift in Sources */ = {isa = PBXBuildFile; fileRef = 871E42AD279A6FFE007AC0DE /* Theme.swift */; };
		871E42B2279A7039007AC0DE /* Workout.swift in Sources */ = {isa = PBXBuildFile; fileRef = 871E42B1279A7039007AC0DE /* Workout.swift */; };
		871E42B3279A7039007AC0DE /* Workout.swift in Sources */ = {isa = PBXBuildFile; fileRef = 871E42B1279A7039007AC0DE /* Workout.swift */; };
		871E42B5279A7228007AC0DE /* CardView.swift in Sources */ = {isa = PBXBuildFile; fileRef = 871E42B4279A7228007AC0DE /* CardView.swift */; };
		871E42B6279A7228007AC0DE /* CardView.swift in Sources */ = {isa = PBXBuildFile; fileRef = 871E42B4279A7228007AC0DE /* CardView.swift */; };
		871E42B8279B0FDA007AC0DE /* TrailingIconLabelStyle.swift in Sources */ = {isa = PBXBuildFile; fileRef = 871E42B7279B0FDA007AC0DE /* TrailingIconLabelStyle.swift */; };
		871E42B9279B0FDA007AC0DE /* TrailingIconLabelStyle.swift in Sources */ = {isa = PBXBuildFile; fileRef = 871E42B7279B0FDA007AC0DE /* TrailingIconLabelStyle.swift */; };
		871E42BB279B1314007AC0DE /* WorkoutsView.swift in Sources */ = {isa = PBXBuildFile; fileRef = 871E42BA279B1314007AC0DE /* WorkoutsView.swift */; };
		871E42BC279B1314007AC0DE /* WorkoutsView.swift in Sources */ = {isa = PBXBuildFile; fileRef = 871E42BA279B1314007AC0DE /* WorkoutsView.swift */; };
		871E42BE279B20F3007AC0DE /* DetailView.swift in Sources */ = {isa = PBXBuildFile; fileRef = 871E42BD279B20F3007AC0DE /* DetailView.swift */; };
		871E42BF279B20F3007AC0DE /* DetailView.swift in Sources */ = {isa = PBXBuildFile; fileRef = 871E42BD279B20F3007AC0DE /* DetailView.swift */; };
		871E42C1279B2732007AC0DE /* TimerView.swift in Sources */ = {isa = PBXBuildFile; fileRef = 871E42C0279B2731007AC0DE /* TimerView.swift */; };
		871E42C2279B2732007AC0DE /* TimerView.swift in Sources */ = {isa = PBXBuildFile; fileRef = 871E42C0279B2731007AC0DE /* TimerView.swift */; };
		871E42C4279B2A08007AC0DE /* DetailEditView.swift in Sources */ = {isa = PBXBuildFile; fileRef = 871E42C3279B2A08007AC0DE /* DetailEditView.swift */; };
		871E42C5279B2A08007AC0DE /* DetailEditView.swift in Sources */ = {isa = PBXBuildFile; fileRef = 871E42C3279B2A08007AC0DE /* DetailEditView.swift */; };
		875760A5279E36C9009AD86C /* WorkoutTimer.swift in Sources */ = {isa = PBXBuildFile; fileRef = 875760A4279E36C9009AD86C /* WorkoutTimer.swift */; };
		875760A6279E36C9009AD86C /* WorkoutTimer.swift in Sources */ = {isa = PBXBuildFile; fileRef = 875760A4279E36C9009AD86C /* WorkoutTimer.swift */; };
		875CA5E4279DF6860037AA13 /* TimerHeaderView.swift in Sources */ = {isa = PBXBuildFile; fileRef = 875CA5E3279DF6860037AA13 /* TimerHeaderView.swift */; };
		875CA5E5279DF6860037AA13 /* TimerHeaderView.swift in Sources */ = {isa = PBXBuildFile; fileRef = 875CA5E3279DF6860037AA13 /* TimerHeaderView.swift */; };
		87724A4E27A315BB007C8628 /* TimerTimerView.swift in Sources */ = {isa = PBXBuildFile; fileRef = 87724A4D27A315BB007C8628 /* TimerTimerView.swift */; };
		87724A4F27A315BB007C8628 /* TimerTimerView.swift in Sources */ = {isa = PBXBuildFile; fileRef = 87724A4D27A315BB007C8628 /* TimerTimerView.swift */; };
		8789D81227A237450033DAD0 /* WorkoutStore.swift in Sources */ = {isa = PBXBuildFile; fileRef = 8789D81127A237450033DAD0 /* WorkoutStore.swift */; };
		8789D81327A237450033DAD0 /* WorkoutStore.swift in Sources */ = {isa = PBXBuildFile; fileRef = 8789D81127A237450033DAD0 /* WorkoutStore.swift */; };
		879BCF0627A1ED7B002D25FD /* TimerFooterView.swift in Sources */ = {isa = PBXBuildFile; fileRef = 879BCF0527A1ED7B002D25FD /* TimerFooterView.swift */; };
		879BCF0727A1ED7B002D25FD /* TimerFooterView.swift in Sources */ = {isa = PBXBuildFile; fileRef = 879BCF0527A1ED7B002D25FD /* TimerFooterView.swift */; };
		87A17AB927A31DC0009B47F7 /* TimerArc.swift in Sources */ = {isa = PBXBuildFile; fileRef = 87A17AB827A31DC0009B47F7 /* TimerArc.swift */; };
		87A17ABA27A31DC0009B47F7 /* TimerArc.swift in Sources */ = {isa = PBXBuildFile; fileRef = 87A17AB827A31DC0009B47F7 /* TimerArc.swift */; };
/* End PBXBuildFile section */

/* Begin PBXContainerItemProxy section */
		871E427C279A6D7A007AC0DE /* PBXContainerItemProxy */ = {
			isa = PBXContainerItemProxy;
			containerPortal = 871E4262279A6D79007AC0DE /* Project object */;
			proxyType = 1;
			remoteGlobalIDString = 871E426D279A6D7A007AC0DE;
			remoteInfo = "IntervalTimer (iOS)";
		};
		871E4288279A6D7A007AC0DE /* PBXContainerItemProxy */ = {
			isa = PBXContainerItemProxy;
			containerPortal = 871E4262279A6D79007AC0DE /* Project object */;
			proxyType = 1;
			remoteGlobalIDString = 871E4273279A6D7A007AC0DE;
			remoteInfo = "IntervalTimer (macOS)";
		};
/* End PBXContainerItemProxy section */

/* Begin PBXFileReference section */
		871E4267279A6D79007AC0DE /* IntervalTimerApp.swift */ = {isa = PBXFileReference; lastKnownFileType = sourcecode.swift; path = IntervalTimerApp.swift; sourceTree = "<group>"; };
		871E4268279A6D79007AC0DE /* ContentView.swift */ = {isa = PBXFileReference; lastKnownFileType = sourcecode.swift; path = ContentView.swift; sourceTree = "<group>"; };
		871E426E279A6D7A007AC0DE /* IntervalTimer.app */ = {isa = PBXFileReference; explicitFileType = wrapper.application; includeInIndex = 0; path = IntervalTimer.app; sourceTree = BUILT_PRODUCTS_DIR; };
		871E4274279A6D7A007AC0DE /* IntervalTimer.app */ = {isa = PBXFileReference; explicitFileType = wrapper.application; includeInIndex = 0; path = IntervalTimer.app; sourceTree = BUILT_PRODUCTS_DIR; };
		871E4276279A6D7A007AC0DE /* macOS.entitlements */ = {isa = PBXFileReference; lastKnownFileType = text.plist.entitlements; path = macOS.entitlements; sourceTree = "<group>"; };
		871E427B279A6D7A007AC0DE /* Tests iOS.xctest */ = {isa = PBXFileReference; explicitFileType = wrapper.cfbundle; includeInIndex = 0; path = "Tests iOS.xctest"; sourceTree = BUILT_PRODUCTS_DIR; };
		871E427F279A6D7A007AC0DE /* Tests_iOS.swift */ = {isa = PBXFileReference; lastKnownFileType = sourcecode.swift; path = Tests_iOS.swift; sourceTree = "<group>"; };
		871E4281279A6D7A007AC0DE /* Tests_iOSLaunchTests.swift */ = {isa = PBXFileReference; lastKnownFileType = sourcecode.swift; path = Tests_iOSLaunchTests.swift; sourceTree = "<group>"; };
		871E4287279A6D7A007AC0DE /* Tests macOS.xctest */ = {isa = PBXFileReference; explicitFileType = wrapper.cfbundle; includeInIndex = 0; path = "Tests macOS.xctest"; sourceTree = BUILT_PRODUCTS_DIR; };
		871E428B279A6D7A007AC0DE /* Tests_macOS.swift */ = {isa = PBXFileReference; lastKnownFileType = sourcecode.swift; path = Tests_macOS.swift; sourceTree = "<group>"; };
		871E428D279A6D7A007AC0DE /* Tests_macOSLaunchTests.swift */ = {isa = PBXFileReference; lastKnownFileType = sourcecode.swift; path = Tests_macOSLaunchTests.swift; sourceTree = "<group>"; };
		871E42AA279A6F03007AC0DE /* Assets.xcassets */ = {isa = PBXFileReference; lastKnownFileType = folder.assetcatalog; name = Assets.xcassets; path = ../../../../../Downloads/DrawingTheTimerView/Complete/Scrumdinger/Assets.xcassets; sourceTree = "<group>"; };
		871E42AD279A6FFE007AC0DE /* Theme.swift */ = {isa = PBXFileReference; lastKnownFileType = sourcecode.swift; path = Theme.swift; sourceTree = "<group>"; };
		871E42B1279A7039007AC0DE /* Workout.swift */ = {isa = PBXFileReference; lastKnownFileType = sourcecode.swift; path = Workout.swift; sourceTree = "<group>"; };
		871E42B4279A7228007AC0DE /* CardView.swift */ = {isa = PBXFileReference; lastKnownFileType = sourcecode.swift; path = CardView.swift; sourceTree = "<group>"; };
		871E42B7279B0FDA007AC0DE /* TrailingIconLabelStyle.swift */ = {isa = PBXFileReference; lastKnownFileType = sourcecode.swift; path = TrailingIconLabelStyle.swift; sourceTree = "<group>"; };
		871E42BA279B1314007AC0DE /* WorkoutsView.swift */ = {isa = PBXFileReference; lastKnownFileType = sourcecode.swift; path = WorkoutsView.swift; sourceTree = "<group>"; };
		871E42BD279B20F3007AC0DE /* DetailView.swift */ = {isa = PBXFileReference; lastKnownFileType = sourcecode.swift; path = DetailView.swift; sourceTree = "<group>"; };
		871E42C0279B2731007AC0DE /* TimerView.swift */ = {isa = PBXFileReference; lastKnownFileType = sourcecode.swift; path = TimerView.swift; sourceTree = "<group>"; };
		871E42C3279B2A08007AC0DE /* DetailEditView.swift */ = {isa = PBXFileReference; lastKnownFileType = sourcecode.swift; path = DetailEditView.swift; sourceTree = "<group>"; };
		875760A4279E36C9009AD86C /* WorkoutTimer.swift */ = {isa = PBXFileReference; lastKnownFileType = sourcecode.swift; path = WorkoutTimer.swift; sourceTree = "<group>"; };
		875CA5E3279DF6860037AA13 /* TimerHeaderView.swift */ = {isa = PBXFileReference; lastKnownFileType = sourcecode.swift; path = TimerHeaderView.swift; sourceTree = "<group>"; };
		87724A4D27A315BB007C8628 /* TimerTimerView.swift */ = {isa = PBXFileReference; lastKnownFileType = sourcecode.swift; path = TimerTimerView.swift; sourceTree = "<group>"; };
		8789D81127A237450033DAD0 /* WorkoutStore.swift */ = {isa = PBXFileReference; lastKnownFileType = sourcecode.swift; path = WorkoutStore.swift; sourceTree = "<group>"; };
		879BCF0527A1ED7B002D25FD /* TimerFooterView.swift */ = {isa = PBXFileReference; lastKnownFileType = sourcecode.swift; path = TimerFooterView.swift; sourceTree = "<group>"; };
		87A17AB827A31DC0009B47F7 /* TimerArc.swift */ = {isa = PBXFileReference; lastKnownFileType = sourcecode.swift; path = TimerArc.swift; sourceTree = "<group>"; };
/* End PBXFileReference section */

/* Begin PBXFrameworksBuildPhase section */
		871E426B279A6D7A007AC0DE /* Frameworks */ = {
			isa = PBXFrameworksBuildPhase;
			buildActionMask = 2147483647;
			files = (
			);
			runOnlyForDeploymentPostprocessing = 0;
		};
		871E4271279A6D7A007AC0DE /* Frameworks */ = {
			isa = PBXFrameworksBuildPhase;
			buildActionMask = 2147483647;
			files = (
			);
			runOnlyForDeploymentPostprocessing = 0;
		};
		871E4278279A6D7A007AC0DE /* Frameworks */ = {
			isa = PBXFrameworksBuildPhase;
			buildActionMask = 2147483647;
			files = (
			);
			runOnlyForDeploymentPostprocessing = 0;
		};
		871E4284279A6D7A007AC0DE /* Frameworks */ = {
			isa = PBXFrameworksBuildPhase;
			buildActionMask = 2147483647;
			files = (
			);
			runOnlyForDeploymentPostprocessing = 0;
		};
/* End PBXFrameworksBuildPhase section */

/* Begin PBXGroup section */
		871E4261279A6D79007AC0DE = {
			isa = PBXGroup;
			children = (
				871E4266279A6D79007AC0DE /* Shared */,
				871E4275279A6D7A007AC0DE /* macOS */,
				871E427E279A6D7A007AC0DE /* Tests iOS */,
				871E428A279A6D7A007AC0DE /* Tests macOS */,
				871E426F279A6D7A007AC0DE /* Products */,
			);
			sourceTree = "<group>";
		};
		871E4266279A6D79007AC0DE /* Shared */ = {
			isa = PBXGroup;
			children = (
				871E42B0279A701E007AC0DE /* Models */,
				871E42AA279A6F03007AC0DE /* Assets.xcassets */,
				871E42B4279A7228007AC0DE /* CardView.swift */,
				871E4268279A6D79007AC0DE /* ContentView.swift */,
				871E42C3279B2A08007AC0DE /* DetailEditView.swift */,
				871E42BD279B20F3007AC0DE /* DetailView.swift */,
				871E4267279A6D79007AC0DE /* IntervalTimerApp.swift */,
				87A17AB827A31DC0009B47F7 /* TimerArc.swift */,
				875CA5E3279DF6860037AA13 /* TimerHeaderView.swift */,
				871E42C0279B2731007AC0DE /* TimerView.swift */,
				87724A4D27A315BB007C8628 /* TimerTimerView.swift */,
				879BCF0527A1ED7B002D25FD /* TimerFooterView.swift */,
				871E42B7279B0FDA007AC0DE /* TrailingIconLabelStyle.swift */,
				871E42BA279B1314007AC0DE /* WorkoutsView.swift */,
			);
			path = Shared;
			sourceTree = "<group>";
		};
		871E426F279A6D7A007AC0DE /* Products */ = {
			isa = PBXGroup;
			children = (
				871E426E279A6D7A007AC0DE /* IntervalTimer.app */,
				871E4274279A6D7A007AC0DE /* IntervalTimer.app */,
				871E427B279A6D7A007AC0DE /* Tests iOS.xctest */,
				871E4287279A6D7A007AC0DE /* Tests macOS.xctest */,
			);
			name = Products;
			sourceTree = "<group>";
		};
		871E4275279A6D7A007AC0DE /* macOS */ = {
			isa = PBXGroup;
			children = (
				871E4276279A6D7A007AC0DE /* macOS.entitlements */,
			);
			path = macOS;
			sourceTree = "<group>";
		};
		871E427E279A6D7A007AC0DE /* Tests iOS */ = {
			isa = PBXGroup;
			children = (
				871E427F279A6D7A007AC0DE /* Tests_iOS.swift */,
				871E4281279A6D7A007AC0DE /* Tests_iOSLaunchTests.swift */,
			);
			path = "Tests iOS";
			sourceTree = "<group>";
		};
		871E428A279A6D7A007AC0DE /* Tests macOS */ = {
			isa = PBXGroup;
			children = (
				871E428B279A6D7A007AC0DE /* Tests_macOS.swift */,
				871E428D279A6D7A007AC0DE /* Tests_macOSLaunchTests.swift */,
			);
			path = "Tests macOS";
			sourceTree = "<group>";
		};
		871E42B0279A701E007AC0DE /* Models */ = {
			isa = PBXGroup;
			children = (
				875760A4279E36C9009AD86C /* WorkoutTimer.swift */,
				871E42AD279A6FFE007AC0DE /* Theme.swift */,
				871E42B1279A7039007AC0DE /* Workout.swift */,
				8789D81127A237450033DAD0 /* WorkoutStore.swift */,
			);
			path = Models;
			sourceTree = "<group>";
		};
/* End PBXGroup section */

/* Begin PBXNativeTarget section */
		871E426D279A6D7A007AC0DE /* IntervalTimer (iOS) */ = {
			isa = PBXNativeTarget;
			buildConfigurationList = 871E4297279A6D7A007AC0DE /* Build configuration list for PBXNativeTarget "IntervalTimer (iOS)" */;
			buildPhases = (
				871E426A279A6D7A007AC0DE /* Sources */,
				871E426B279A6D7A007AC0DE /* Frameworks */,
				871E426C279A6D7A007AC0DE /* Resources */,
			);
			buildRules = (
			);
			dependencies = (
			);
			name = "IntervalTimer (iOS)";
			productName = "IntervalTimer (iOS)";
			productReference = 871E426E279A6D7A007AC0DE /* IntervalTimer.app */;
			productType = "com.apple.product-type.application";
		};
		871E4273279A6D7A007AC0DE /* IntervalTimer (macOS) */ = {
			isa = PBXNativeTarget;
			buildConfigurationList = 871E429A279A6D7A007AC0DE /* Build configuration list for PBXNativeTarget "IntervalTimer (macOS)" */;
			buildPhases = (
				871E4270279A6D7A007AC0DE /* Sources */,
				871E4271279A6D7A007AC0DE /* Frameworks */,
				871E4272279A6D7A007AC0DE /* Resources */,
			);
			buildRules = (
			);
			dependencies = (
			);
			name = "IntervalTimer (macOS)";
			productName = "IntervalTimer (macOS)";
			productReference = 871E4274279A6D7A007AC0DE /* IntervalTimer.app */;
			productType = "com.apple.product-type.application";
		};
		871E427A279A6D7A007AC0DE /* Tests iOS */ = {
			isa = PBXNativeTarget;
			buildConfigurationList = 871E429D279A6D7A007AC0DE /* Build configuration list for PBXNativeTarget "Tests iOS" */;
			buildPhases = (
				871E4277279A6D7A007AC0DE /* Sources */,
				871E4278279A6D7A007AC0DE /* Frameworks */,
				871E4279279A6D7A007AC0DE /* Resources */,
			);
			buildRules = (
			);
			dependencies = (
				871E427D279A6D7A007AC0DE /* PBXTargetDependency */,
			);
			name = "Tests iOS";
			productName = "Tests iOS";
			productReference = 871E427B279A6D7A007AC0DE /* Tests iOS.xctest */;
			productType = "com.apple.product-type.bundle.ui-testing";
		};
		871E4286279A6D7A007AC0DE /* Tests macOS */ = {
			isa = PBXNativeTarget;
			buildConfigurationList = 871E42A0279A6D7A007AC0DE /* Build configuration list for PBXNativeTarget "Tests macOS" */;
			buildPhases = (
				871E4283279A6D7A007AC0DE /* Sources */,
				871E4284279A6D7A007AC0DE /* Frameworks */,
				871E4285279A6D7A007AC0DE /* Resources */,
			);
			buildRules = (
			);
			dependencies = (
				871E4289279A6D7A007AC0DE /* PBXTargetDependency */,
			);
			name = "Tests macOS";
			productName = "Tests macOS";
			productReference = 871E4287279A6D7A007AC0DE /* Tests macOS.xctest */;
			productType = "com.apple.product-type.bundle.ui-testing";
		};
/* End PBXNativeTarget section */

/* Begin PBXProject section */
		871E4262279A6D79007AC0DE /* Project object */ = {
			isa = PBXProject;
			attributes = {
				BuildIndependentTargetsInParallel = 1;
				LastSwiftUpdateCheck = 1320;
				LastUpgradeCheck = 1320;
				TargetAttributes = {
					871E426D279A6D7A007AC0DE = {
						CreatedOnToolsVersion = 13.2.1;
					};
					871E4273279A6D7A007AC0DE = {
						CreatedOnToolsVersion = 13.2.1;
					};
					871E427A279A6D7A007AC0DE = {
						CreatedOnToolsVersion = 13.2.1;
						TestTargetID = 871E426D279A6D7A007AC0DE;
					};
					871E4286279A6D7A007AC0DE = {
						CreatedOnToolsVersion = 13.2.1;
						TestTargetID = 871E4273279A6D7A007AC0DE;
					};
				};
			};
			buildConfigurationList = 871E4265279A6D79007AC0DE /* Build configuration list for PBXProject "IntervalTimer" */;
			compatibilityVersion = "Xcode 13.0";
			developmentRegion = en;
			hasScannedForEncodings = 0;
			knownRegions = (
				en,
				Base,
			);
			mainGroup = 871E4261279A6D79007AC0DE;
			productRefGroup = 871E426F279A6D7A007AC0DE /* Products */;
			projectDirPath = "";
			projectRoot = "";
			targets = (
				871E426D279A6D7A007AC0DE /* IntervalTimer (iOS) */,
				871E4273279A6D7A007AC0DE /* IntervalTimer (macOS) */,
				871E427A279A6D7A007AC0DE /* Tests iOS */,
				871E4286279A6D7A007AC0DE /* Tests macOS */,
			);
		};
/* End PBXProject section */

/* Begin PBXResourcesBuildPhase section */
		871E426C279A6D7A007AC0DE /* Resources */ = {
			isa = PBXResourcesBuildPhase;
			buildActionMask = 2147483647;
			files = (
				871E42AB279A6F03007AC0DE /* Assets.xcassets in Resources */,
			);
			runOnlyForDeploymentPostprocessing = 0;
		};
		871E4272279A6D7A007AC0DE /* Resources */ = {
			isa = PBXResourcesBuildPhase;
			buildActionMask = 2147483647;
			files = (
				871E42AC279A6F03007AC0DE /* Assets.xcassets in Resources */,
			);
			runOnlyForDeploymentPostprocessing = 0;
		};
		871E4279279A6D7A007AC0DE /* Resources */ = {
			isa = PBXResourcesBuildPhase;
			buildActionMask = 2147483647;
			files = (
			);
			runOnlyForDeploymentPostprocessing = 0;
		};
		871E4285279A6D7A007AC0DE /* Resources */ = {
			isa = PBXResourcesBuildPhase;
			buildActionMask = 2147483647;
			files = (
			);
			runOnlyForDeploymentPostprocessing = 0;
		};
/* End PBXResourcesBuildPhase section */

/* Begin PBXSourcesBuildPhase section */
		871E426A279A6D7A007AC0DE /* Sources */ = {
			isa = PBXSourcesBuildPhase;
			buildActionMask = 2147483647;
			files = (
				87A17AB927A31DC0009B47F7 /* TimerArc.swift in Sources */,
				871E42C1279B2732007AC0DE /* TimerView.swift in Sources */,
				871E42AE279A6FFF007AC0DE /* Theme.swift in Sources */,
				871E42BE279B20F3007AC0DE /* DetailView.swift in Sources */,
				879BCF0627A1ED7B002D25FD /* TimerFooterView.swift in Sources */,
				871E42B8279B0FDA007AC0DE /* TrailingIconLabelStyle.swift in Sources */,
				871E4291279A6D7A007AC0DE /* ContentView.swift in Sources */,
				871E428F279A6D7A007AC0DE /* IntervalTimerApp.swift in Sources */,
				871E42B2279A7039007AC0DE /* Workout.swift in Sources */,
				871E42C4279B2A08007AC0DE /* DetailEditView.swift in Sources */,
				871E42BB279B1314007AC0DE /* WorkoutsView.swift in Sources */,
				875760A5279E36C9009AD86C /* WorkoutTimer.swift in Sources */,
				87724A4E27A315BB007C8628 /* TimerTimerView.swift in Sources */,
				8789D81227A237450033DAD0 /* WorkoutStore.swift in Sources */,
				871E42B5279A7228007AC0DE /* CardView.swift in Sources */,
				875CA5E4279DF6860037AA13 /* TimerHeaderView.swift in Sources */,
			);
			runOnlyForDeploymentPostprocessing = 0;
		};
		871E4270279A6D7A007AC0DE /* Sources */ = {
			isa = PBXSourcesBuildPhase;
			buildActionMask = 2147483647;
			files = (
				87A17ABA27A31DC0009B47F7 /* TimerArc.swift in Sources */,
				871E42C2279B2732007AC0DE /* TimerView.swift in Sources */,
				871E42AF279A6FFF007AC0DE /* Theme.swift in Sources */,
				871E42BF279B20F3007AC0DE /* DetailView.swift in Sources */,
				879BCF0727A1ED7B002D25FD /* TimerFooterView.swift in Sources */,
				871E42B9279B0FDA007AC0DE /* TrailingIconLabelStyle.swift in Sources */,
				871E4292279A6D7A007AC0DE /* ContentView.swift in Sources */,
				871E4290279A6D7A007AC0DE /* IntervalTimerApp.swift in Sources */,
				871E42B3279A7039007AC0DE /* Workout.swift in Sources */,
				871E42C5279B2A08007AC0DE /* DetailEditView.swift in Sources */,
				871E42BC279B1314007AC0DE /* WorkoutsView.swift in Sources */,
				875760A6279E36C9009AD86C /* WorkoutTimer.swift in Sources */,
				87724A4F27A315BB007C8628 /* TimerTimerView.swift in Sources */,
				8789D81327A237450033DAD0 /* WorkoutStore.swift in Sources */,
				871E42B6279A7228007AC0DE /* CardView.swift in Sources */,
				875CA5E5279DF6860037AA13 /* TimerHeaderView.swift in Sources */,
			);
			runOnlyForDeploymentPostprocessing = 0;
		};
		871E4277279A6D7A007AC0DE /* Sources */ = {
			isa = PBXSourcesBuildPhase;
			buildActionMask = 2147483647;
			files = (
				871E4282279A6D7A007AC0DE /* Tests_iOSLaunchTests.swift in Sources */,
				871E4280279A6D7A007AC0DE /* Tests_iOS.swift in Sources */,
			);
			runOnlyForDeploymentPostprocessing = 0;
		};
		871E4283279A6D7A007AC0DE /* Sources */ = {
			isa = PBXSourcesBuildPhase;
			buildActionMask = 2147483647;
			files = (
				871E428E279A6D7A007AC0DE /* Tests_macOSLaunchTests.swift in Sources */,
				871E428C279A6D7A007AC0DE /* Tests_macOS.swift in Sources */,
			);
			runOnlyForDeploymentPostprocessing = 0;
		};
/* End PBXSourcesBuildPhase section */

/* Begin PBXTargetDependency section */
		871E427D279A6D7A007AC0DE /* PBXTargetDependency */ = {
			isa = PBXTargetDependency;
			target = 871E426D279A6D7A007AC0DE /* IntervalTimer (iOS) */;
			targetProxy = 871E427C279A6D7A007AC0DE /* PBXContainerItemProxy */;
		};
		871E4289279A6D7A007AC0DE /* PBXTargetDependency */ = {
			isa = PBXTargetDependency;
			target = 871E4273279A6D7A007AC0DE /* IntervalTimer (macOS) */;
			targetProxy = 871E4288279A6D7A007AC0DE /* PBXContainerItemProxy */;
		};
/* End PBXTargetDependency section */

/* Begin XCBuildConfiguration section */
		871E4295279A6D7A007AC0DE /* Debug */ = {
			isa = XCBuildConfiguration;
			buildSettings = {
				ALWAYS_SEARCH_USER_PATHS = NO;
				CLANG_ANALYZER_NONNULL = YES;
				CLANG_ANALYZER_NUMBER_OBJECT_CONVERSION = YES_AGGRESSIVE;
				CLANG_CXX_LANGUAGE_STANDARD = "gnu++17";
				CLANG_CXX_LIBRARY = "libc++";
				CLANG_ENABLE_MODULES = YES;
				CLANG_ENABLE_OBJC_ARC = YES;
				CLANG_ENABLE_OBJC_WEAK = YES;
				CLANG_WARN_BLOCK_CAPTURE_AUTORELEASING = YES;
				CLANG_WARN_BOOL_CONVERSION = YES;
				CLANG_WARN_COMMA = YES;
				CLANG_WARN_CONSTANT_CONVERSION = YES;
				CLANG_WARN_DEPRECATED_OBJC_IMPLEMENTATIONS = YES;
				CLANG_WARN_DIRECT_OBJC_ISA_USAGE = YES_ERROR;
				CLANG_WARN_DOCUMENTATION_COMMENTS = YES;
				CLANG_WARN_EMPTY_BODY = YES;
				CLANG_WARN_ENUM_CONVERSION = YES;
				CLANG_WARN_INFINITE_RECURSION = YES;
				CLANG_WARN_INT_CONVERSION = YES;
				CLANG_WARN_NON_LITERAL_NULL_CONVERSION = YES;
				CLANG_WARN_OBJC_IMPLICIT_RETAIN_SELF = YES;
				CLANG_WARN_OBJC_LITERAL_CONVERSION = YES;
				CLANG_WARN_OBJC_ROOT_CLASS = YES_ERROR;
				CLANG_WARN_QUOTED_INCLUDE_IN_FRAMEWORK_HEADER = YES;
				CLANG_WARN_RANGE_LOOP_ANALYSIS = YES;
				CLANG_WARN_STRICT_PROTOTYPES = YES;
				CLANG_WARN_SUSPICIOUS_MOVE = YES;
				CLANG_WARN_UNGUARDED_AVAILABILITY = YES_AGGRESSIVE;
				CLANG_WARN_UNREACHABLE_CODE = YES;
				CLANG_WARN__DUPLICATE_METHOD_MATCH = YES;
				COPY_PHASE_STRIP = NO;
				DEBUG_INFORMATION_FORMAT = dwarf;
				ENABLE_STRICT_OBJC_MSGSEND = YES;
				ENABLE_TESTABILITY = YES;
				GCC_C_LANGUAGE_STANDARD = gnu11;
				GCC_DYNAMIC_NO_PIC = NO;
				GCC_NO_COMMON_BLOCKS = YES;
				GCC_OPTIMIZATION_LEVEL = 0;
				GCC_PREPROCESSOR_DEFINITIONS = (
					"DEBUG=1",
					"$(inherited)",
				);
				GCC_WARN_64_TO_32_BIT_CONVERSION = YES;
				GCC_WARN_ABOUT_RETURN_TYPE = YES_ERROR;
				GCC_WARN_UNDECLARED_SELECTOR = YES;
				GCC_WARN_UNINITIALIZED_AUTOS = YES_AGGRESSIVE;
				GCC_WARN_UNUSED_FUNCTION = YES;
				GCC_WARN_UNUSED_VARIABLE = YES;
				MTL_ENABLE_DEBUG_INFO = INCLUDE_SOURCE;
				MTL_FAST_MATH = YES;
				ONLY_ACTIVE_ARCH = YES;
				SWIFT_ACTIVE_COMPILATION_CONDITIONS = DEBUG;
				SWIFT_OPTIMIZATION_LEVEL = "-Onone";
			};
			name = Debug;
		};
		871E4296279A6D7A007AC0DE /* Release */ = {
			isa = XCBuildConfiguration;
			buildSettings = {
				ALWAYS_SEARCH_USER_PATHS = NO;
				CLANG_ANALYZER_NONNULL = YES;
				CLANG_ANALYZER_NUMBER_OBJECT_CONVERSION = YES_AGGRESSIVE;
				CLANG_CXX_LANGUAGE_STANDARD = "gnu++17";
				CLANG_CXX_LIBRARY = "libc++";
				CLANG_ENABLE_MODULES = YES;
				CLANG_ENABLE_OBJC_ARC = YES;
				CLANG_ENABLE_OBJC_WEAK = YES;
				CLANG_WARN_BLOCK_CAPTURE_AUTORELEASING = YES;
				CLANG_WARN_BOOL_CONVERSION = YES;
				CLANG_WARN_COMMA = YES;
				CLANG_WARN_CONSTANT_CONVERSION = YES;
				CLANG_WARN_DEPRECATED_OBJC_IMPLEMENTATIONS = YES;
				CLANG_WARN_DIRECT_OBJC_ISA_USAGE = YES_ERROR;
				CLANG_WARN_DOCUMENTATION_COMMENTS = YES;
				CLANG_WARN_EMPTY_BODY = YES;
				CLANG_WARN_ENUM_CONVERSION = YES;
				CLANG_WARN_INFINITE_RECURSION = YES;
				CLANG_WARN_INT_CONVERSION = YES;
				CLANG_WARN_NON_LITERAL_NULL_CONVERSION = YES;
				CLANG_WARN_OBJC_IMPLICIT_RETAIN_SELF = YES;
				CLANG_WARN_OBJC_LITERAL_CONVERSION = YES;
				CLANG_WARN_OBJC_ROOT_CLASS = YES_ERROR;
				CLANG_WARN_QUOTED_INCLUDE_IN_FRAMEWORK_HEADER = YES;
				CLANG_WARN_RANGE_LOOP_ANALYSIS = YES;
				CLANG_WARN_STRICT_PROTOTYPES = YES;
				CLANG_WARN_SUSPICIOUS_MOVE = YES;
				CLANG_WARN_UNGUARDED_AVAILABILITY = YES_AGGRESSIVE;
				CLANG_WARN_UNREACHABLE_CODE = YES;
				CLANG_WARN__DUPLICATE_METHOD_MATCH = YES;
				COPY_PHASE_STRIP = NO;
				DEBUG_INFORMATION_FORMAT = "dwarf-with-dsym";
				ENABLE_NS_ASSERTIONS = NO;
				ENABLE_STRICT_OBJC_MSGSEND = YES;
				GCC_C_LANGUAGE_STANDARD = gnu11;
				GCC_NO_COMMON_BLOCKS = YES;
				GCC_WARN_64_TO_32_BIT_CONVERSION = YES;
				GCC_WARN_ABOUT_RETURN_TYPE = YES_ERROR;
				GCC_WARN_UNDECLARED_SELECTOR = YES;
				GCC_WARN_UNINITIALIZED_AUTOS = YES_AGGRESSIVE;
				GCC_WARN_UNUSED_FUNCTION = YES;
				GCC_WARN_UNUSED_VARIABLE = YES;
				MTL_ENABLE_DEBUG_INFO = NO;
				MTL_FAST_MATH = YES;
				SWIFT_COMPILATION_MODE = wholemodule;
				SWIFT_OPTIMIZATION_LEVEL = "-O";
			};
			name = Release;
		};
		871E4298279A6D7A007AC0DE /* Debug */ = {
			isa = XCBuildConfiguration;
			buildSettings = {
				ASSETCATALOG_COMPILER_APPICON_NAME = AppIcon;
				ASSETCATALOG_COMPILER_GLOBAL_ACCENT_COLOR_NAME = AccentColor;
				CODE_SIGN_STYLE = Automatic;
				CURRENT_PROJECT_VERSION = 1;
				DEVELOPMENT_TEAM = 8H598YQX66;
				ENABLE_PREVIEWS = YES;
				GENERATE_INFOPLIST_FILE = YES;
				INFOPLIST_KEY_UIApplicationSceneManifest_Generation = YES;
				INFOPLIST_KEY_UIApplicationSupportsIndirectInputEvents = YES;
				INFOPLIST_KEY_UILaunchScreen_Generation = YES;
				INFOPLIST_KEY_UISupportedInterfaceOrientations_iPad = "UIInterfaceOrientationPortrait UIInterfaceOrientationPortraitUpsideDown UIInterfaceOrientationLandscapeLeft UIInterfaceOrientationLandscapeRight";
				INFOPLIST_KEY_UISupportedInterfaceOrientations_iPhone = "UIInterfaceOrientationPortrait UIInterfaceOrientationLandscapeLeft UIInterfaceOrientationLandscapeRight";
				IPHONEOS_DEPLOYMENT_TARGET = 15.2;
				LD_RUNPATH_SEARCH_PATHS = (
					"$(inherited)",
					"@executable_path/Frameworks",
				);
				MARKETING_VERSION = 1.0;
				PRODUCT_BUNDLE_IDENTIFIER = MyApps.IntervalTimer;
				PRODUCT_NAME = IntervalTimer;
				SDKROOT = iphoneos;
				SWIFT_EMIT_LOC_STRINGS = YES;
				SWIFT_VERSION = 5.0;
				TARGETED_DEVICE_FAMILY = "1,2";
			};
			name = Debug;
		};
		871E4299279A6D7A007AC0DE /* Release */ = {
			isa = XCBuildConfiguration;
			buildSettings = {
				ASSETCATALOG_COMPILER_APPICON_NAME = AppIcon;
				ASSETCATALOG_COMPILER_GLOBAL_ACCENT_COLOR_NAME = AccentColor;
				CODE_SIGN_STYLE = Automatic;
				CURRENT_PROJECT_VERSION = 1;
				DEVELOPMENT_TEAM = 8H598YQX66;
				ENABLE_PREVIEWS = YES;
				GENERATE_INFOPLIST_FILE = YES;
				INFOPLIST_KEY_UIApplicationSceneManifest_Generation = YES;
				INFOPLIST_KEY_UIApplicationSupportsIndirectInputEvents = YES;
				INFOPLIST_KEY_UILaunchScreen_Generation = YES;
				INFOPLIST_KEY_UISupportedInterfaceOrientations_iPad = "UIInterfaceOrientationPortrait UIInterfaceOrientationPortraitUpsideDown UIInterfaceOrientationLandscapeLeft UIInterfaceOrientationLandscapeRight";
				INFOPLIST_KEY_UISupportedInterfaceOrientations_iPhone = "UIInterfaceOrientationPortrait UIInterfaceOrientationLandscapeLeft UIInterfaceOrientationLandscapeRight";
				IPHONEOS_DEPLOYMENT_TARGET = 15.2;
				LD_RUNPATH_SEARCH_PATHS = (
					"$(inherited)",
					"@executable_path/Frameworks",
				);
				MARKETING_VERSION = 1.0;
				PRODUCT_BUNDLE_IDENTIFIER = MyApps.IntervalTimer;
				PRODUCT_NAME = IntervalTimer;
				SDKROOT = iphoneos;
				SWIFT_EMIT_LOC_STRINGS = YES;
				SWIFT_VERSION = 5.0;
				TARGETED_DEVICE_FAMILY = "1,2";
				VALIDATE_PRODUCT = YES;
			};
			name = Release;
		};
		871E429B279A6D7A007AC0DE /* Debug */ = {
			isa = XCBuildConfiguration;
			buildSettings = {
				ASSETCATALOG_COMPILER_APPICON_NAME = AppIcon;
				ASSETCATALOG_COMPILER_GLOBAL_ACCENT_COLOR_NAME = AccentColor;
				CODE_SIGN_ENTITLEMENTS = macOS/macOS.entitlements;
				CODE_SIGN_STYLE = Automatic;
				COMBINE_HIDPI_IMAGES = YES;
				CURRENT_PROJECT_VERSION = 1;
				DEVELOPMENT_TEAM = 8H598YQX66;
				ENABLE_HARDENED_RUNTIME = YES;
				ENABLE_PREVIEWS = YES;
				GENERATE_INFOPLIST_FILE = YES;
				INFOPLIST_KEY_NSHumanReadableCopyright = "";
				LD_RUNPATH_SEARCH_PATHS = (
					"$(inherited)",
					"@executable_path/../Frameworks",
				);
				MACOSX_DEPLOYMENT_TARGET = 12.1;
				MARKETING_VERSION = 1.0;
				PRODUCT_BUNDLE_IDENTIFIER = MyApps.IntervalTimer;
				PRODUCT_NAME = IntervalTimer;
				SDKROOT = macosx;
				SWIFT_EMIT_LOC_STRINGS = YES;
				SWIFT_VERSION = 5.0;
			};
			name = Debug;
		};
		871E429C279A6D7A007AC0DE /* Release */ = {
			isa = XCBuildConfiguration;
			buildSettings = {
				ASSETCATALOG_COMPILER_APPICON_NAME = AppIcon;
				ASSETCATALOG_COMPILER_GLOBAL_ACCENT_COLOR_NAME = AccentColor;
				CODE_SIGN_ENTITLEMENTS = macOS/macOS.entitlements;
				CODE_SIGN_STYLE = Automatic;
				COMBINE_HIDPI_IMAGES = YES;
				CURRENT_PROJECT_VERSION = 1;
				DEVELOPMENT_TEAM = 8H598YQX66;
				ENABLE_HARDENED_RUNTIME = YES;
				ENABLE_PREVIEWS = YES;
				GENERATE_INFOPLIST_FILE = YES;
				INFOPLIST_KEY_NSHumanReadableCopyright = "";
				LD_RUNPATH_SEARCH_PATHS = (
					"$(inherited)",
					"@executable_path/../Frameworks",
				);
				MACOSX_DEPLOYMENT_TARGET = 12.1;
				MARKETING_VERSION = 1.0;
				PRODUCT_BUNDLE_IDENTIFIER = MyApps.IntervalTimer;
				PRODUCT_NAME = IntervalTimer;
				SDKROOT = macosx;
				SWIFT_EMIT_LOC_STRINGS = YES;
				SWIFT_VERSION = 5.0;
			};
			name = Release;
		};
		871E429E279A6D7A007AC0DE /* Debug */ = {
			isa = XCBuildConfiguration;
			buildSettings = {
				ALWAYS_EMBED_SWIFT_STANDARD_LIBRARIES = YES;
				CODE_SIGN_STYLE = Automatic;
				CURRENT_PROJECT_VERSION = 1;
				DEVELOPMENT_TEAM = 8H598YQX66;
				GENERATE_INFOPLIST_FILE = YES;
				IPHONEOS_DEPLOYMENT_TARGET = 15.2;
				MARKETING_VERSION = 1.0;
				PRODUCT_BUNDLE_IDENTIFIER = "MyApps.Tests-iOS";
				PRODUCT_NAME = "$(TARGET_NAME)";
				SDKROOT = iphoneos;
				SWIFT_EMIT_LOC_STRINGS = NO;
				SWIFT_VERSION = 5.0;
				TARGETED_DEVICE_FAMILY = "1,2";
				TEST_TARGET_NAME = "IntervalTimer (iOS)";
			};
			name = Debug;
		};
		871E429F279A6D7A007AC0DE /* Release */ = {
			isa = XCBuildConfiguration;
			buildSettings = {
				ALWAYS_EMBED_SWIFT_STANDARD_LIBRARIES = YES;
				CODE_SIGN_STYLE = Automatic;
				CURRENT_PROJECT_VERSION = 1;
				DEVELOPMENT_TEAM = 8H598YQX66;
				GENERATE_INFOPLIST_FILE = YES;
				IPHONEOS_DEPLOYMENT_TARGET = 15.2;
				MARKETING_VERSION = 1.0;
				PRODUCT_BUNDLE_IDENTIFIER = "MyApps.Tests-iOS";
				PRODUCT_NAME = "$(TARGET_NAME)";
				SDKROOT = iphoneos;
				SWIFT_EMIT_LOC_STRINGS = NO;
				SWIFT_VERSION = 5.0;
				TARGETED_DEVICE_FAMILY = "1,2";
				TEST_TARGET_NAME = "IntervalTimer (iOS)";
				VALIDATE_PRODUCT = YES;
			};
			name = Release;
		};
		871E42A1279A6D7A007AC0DE /* Debug */ = {
			isa = XCBuildConfiguration;
			buildSettings = {
				ALWAYS_EMBED_SWIFT_STANDARD_LIBRARIES = YES;
				CODE_SIGN_STYLE = Automatic;
				CURRENT_PROJECT_VERSION = 1;
				DEVELOPMENT_TEAM = 8H598YQX66;
				GENERATE_INFOPLIST_FILE = YES;
				MACOSX_DEPLOYMENT_TARGET = 12.1;
				MARKETING_VERSION = 1.0;
				PRODUCT_BUNDLE_IDENTIFIER = "MyApps.Tests-macOS";
				PRODUCT_NAME = "$(TARGET_NAME)";
				SDKROOT = macosx;
				SWIFT_EMIT_LOC_STRINGS = NO;
				SWIFT_VERSION = 5.0;
				TEST_TARGET_NAME = "IntervalTimer (macOS)";
			};
			name = Debug;
		};
		871E42A2279A6D7A007AC0DE /* Release */ = {
			isa = XCBuildConfiguration;
			buildSettings = {
				ALWAYS_EMBED_SWIFT_STANDARD_LIBRARIES = YES;
				CODE_SIGN_STYLE = Automatic;
				CURRENT_PROJECT_VERSION = 1;
				DEVELOPMENT_TEAM = 8H598YQX66;
				GENERATE_INFOPLIST_FILE = YES;
				MACOSX_DEPLOYMENT_TARGET = 12.1;
				MARKETING_VERSION = 1.0;
				PRODUCT_BUNDLE_IDENTIFIER = "MyApps.Tests-macOS";
				PRODUCT_NAME = "$(TARGET_NAME)";
				SDKROOT = macosx;
				SWIFT_EMIT_LOC_STRINGS = NO;
				SWIFT_VERSION = 5.0;
				TEST_TARGET_NAME = "IntervalTimer (macOS)";
			};
			name = Release;
		};
/* End XCBuildConfiguration section */

/* Begin XCConfigurationList section */
		871E4265279A6D79007AC0DE /* Build configuration list for PBXProject "IntervalTimer" */ = {
			isa = XCConfigurationList;
			buildConfigurations = (
				871E4295279A6D7A007AC0DE /* Debug */,
				871E4296279A6D7A007AC0DE /* Release */,
			);
			defaultConfigurationIsVisible = 0;
			defaultConfigurationName = Release;
		};
		871E4297279A6D7A007AC0DE /* Build configuration list for PBXNativeTarget "IntervalTimer (iOS)" */ = {
			isa = XCConfigurationList;
			buildConfigurations = (
				871E4298279A6D7A007AC0DE /* Debug */,
				871E4299279A6D7A007AC0DE /* Release */,
			);
			defaultConfigurationIsVisible = 0;
			defaultConfigurationName = Release;
		};
		871E429A279A6D7A007AC0DE /* Build configuration list for PBXNativeTarget "IntervalTimer (macOS)" */ = {
			isa = XCConfigurationList;
			buildConfigurations = (
				871E429B279A6D7A007AC0DE /* Debug */,
				871E429C279A6D7A007AC0DE /* Release */,
			);
			defaultConfigurationIsVisible = 0;
			defaultConfigurationName = Release;
		};
		871E429D279A6D7A007AC0DE /* Build configuration list for PBXNativeTarget "Tests iOS" */ = {
			isa = XCConfigurationList;
			buildConfigurations = (
				871E429E279A6D7A007AC0DE /* Debug */,
				871E429F279A6D7A007AC0DE /* Release */,
			);
			defaultConfigurationIsVisible = 0;
			defaultConfigurationName = Release;
		};
		871E42A0279A6D7A007AC0DE /* Build configuration list for PBXNativeTarget "Tests macOS" */ = {
			isa = XCConfigurationList;
			buildConfigurations = (
				871E42A1279A6D7A007AC0DE /* Debug */,
				871E42A2279A6D7A007AC0DE /* Release */,
			);
			defaultConfigurationIsVisible = 0;
			defaultConfigurationName = Release;
		};
/* End XCConfigurationList section */
	};
	rootObject = 871E4262279A6D79007AC0DE /* Project object */;
}
